
Microsoft Visual Studio Solution File, Format Version 12.00
# Visual Studio Version 17
VisualStudioVersion = 17.4.33122.133
MinimumVisualStudioVersion = 10.0.40219.1
Project("{FAE04EC0-301F-11D3-BF4B-00C04F79EFBC}") = "TP_INTEGRADOR_P1", "TP_INTEGRADOR_P1.csproj", "{612470CF-5D5A-484A-83F8-C08D632C2B17}"
EndProject
Global
	GlobalSection(SolutionConfigurationPlatforms) = preSolution
		Debug|Any CPU = Debug|Any CPU
		Release|Any CPU = Release|Any CPU
	EndGlobalSection
	GlobalSection(ProjectConfigurationPlatforms) = postSolution
		{612470CF-5D5A-484A-83F8-C08D632C2B17}.Debug|Any CPU.ActiveCfg = Debug|Any CPU
		{612470CF-5D5A-484A-83F8-C08D632C2B17}.Debug|Any CPU.Build.0 = Debug|Any CPU
		{612470CF-5D5A-484A-83F8-C08D632C2B17}.Release|Any CPU.ActiveCfg = Release|Any CPU
		{612470CF-5D5A-484A-83F8-C08D632C2B17}.Release|Any CPU.Build.0 = Release|Any CPU
	EndGlobalSection
	GlobalSection(SolutionProperties) = preSolution
		HideSolutionNode = FALSE
	EndGlobalSection
	GlobalSection(ExtensibilityGlobals) = postSolution
		SolutionGuid = {ED057F40-324A-4EFA-8F13-B52837B19F5B}
	EndGlobalSection
EndGlobal
